
Microsoft Visual Studio Solution File, Format Version 12.00
# Visual Studio Version 17
VisualStudioVersion = 17.0.31903.59
MinimumVisualStudioVersion = 10.0.40219.1
Project("{2150E333-8FDC-42A3-9474-1A3956D46DE8}") = "src", "src", "{437BEAF2-0D3C-4966-9008-360044EE08B1}"
EndProject
Project("{FAE04EC0-301F-11D3-BF4B-00C04F79EFBC}") = "MetaParser", "src\MetaParser.csproj", "{63707AFE-2DB8-4688-974F-24651B6C9109}"
EndProject
Project("{2150E333-8FDC-42A3-9474-1A3956D46DE8}") = "ThirdParty", "ThirdParty", "{10CC2960-57B6-4B17-A3A3-915FD525163B}"
EndProject
Project("{2150E333-8FDC-42A3-9474-1A3956D46DE8}") = "CppAst.NET", "CppAst.NET", "{26E1B785-1227-46AA-A7B2-D07DDA187D1E}"
EndProject
Project("{FAE04EC0-301F-11D3-BF4B-00C04F79EFBC}") = "CppAst", "ThirdParty\CppAst.NET\src\CppAst\CppAst.csproj", "{0C6A2ACB-5AB5-4774-B5DD-49A686BFC3A2}"
EndProject
Global
	GlobalSection(SolutionConfigurationPlatforms) = preSolution
		Debug|Any CPU = Debug|Any CPU
		Release|Any CPU = Release|Any CPU
	EndGlobalSection
	GlobalSection(SolutionProperties) = preSolution
		HideSolutionNode = FALSE
	EndGlobalSection
	GlobalSection(ProjectConfigurationPlatforms) = postSolution
		{63707AFE-2DB8-4688-974F-24651B6C9109}.Debug|Any CPU.ActiveCfg = Debug|Any CPU
		{63707AFE-2DB8-4688-974F-24651B6C9109}.Debug|Any CPU.Build.0 = Debug|Any CPU
		{63707AFE-2DB8-4688-974F-24651B6C9109}.Release|Any CPU.ActiveCfg = Release|Any CPU
		{63707AFE-2DB8-4688-974F-24651B6C9109}.Release|Any CPU.Build.0 = Release|Any CPU
		{0C6A2ACB-5AB5-4774-B5DD-49A686BFC3A2}.Debug|Any CPU.ActiveCfg = Debug|Any CPU
		{0C6A2ACB-5AB5-4774-B5DD-49A686BFC3A2}.Debug|Any CPU.Build.0 = Debug|Any CPU
		{0C6A2ACB-5AB5-4774-B5DD-49A686BFC3A2}.Release|Any CPU.ActiveCfg = Release|Any CPU
		{0C6A2ACB-5AB5-4774-B5DD-49A686BFC3A2}.Release|Any CPU.Build.0 = Release|Any CPU
	EndGlobalSection
	GlobalSection(NestedProjects) = preSolution
		{63707AFE-2DB8-4688-974F-24651B6C9109} = {437BEAF2-0D3C-4966-9008-360044EE08B1}
		{26E1B785-1227-46AA-A7B2-D07DDA187D1E} = {10CC2960-57B6-4B17-A3A3-915FD525163B}
		{0C6A2ACB-5AB5-4774-B5DD-49A686BFC3A2} = {26E1B785-1227-46AA-A7B2-D07DDA187D1E}
	EndGlobalSection
EndGlobal
